
Microsoft Visual Studio Solution File, Format Version 12.00
# Visual Studio 15
VisualStudioVersion = 15.0.28307.489
MinimumVisualStudioVersion = 10.0.40219.1
Project("{FAE04EC0-301F-11D3-BF4B-00C04F79EFBC}") = "Task2", "Task2\Task2.csproj", "{9C4B44F6-ED3E-4174-A34E-8A6634617475}"
EndProject
Project("{FAE04EC0-301F-11D3-BF4B-00C04F79EFBC}") = "Task2Tests", "Task2Tests\Task2Tests.csproj", "{4D8E0583-8233-4786-9518-C9F557A73901}"
EndProject
Project("{FAE04EC0-301F-11D3-BF4B-00C04F79EFBC}") = "NUnitTests", "NUnitTests\NUnitTests.csproj", "{59406748-65A3-434E-85C8-12D27486FAF9}"
EndProject
Global
	GlobalSection(SolutionConfigurationPlatforms) = preSolution
		Debug|Any CPU = Debug|Any CPU
		Release|Any CPU = Release|Any CPU
	EndGlobalSection
	GlobalSection(ProjectConfigurationPlatforms) = postSolution
		{9C4B44F6-ED3E-4174-A34E-8A6634617475}.Debug|Any CPU.ActiveCfg = Debug|Any CPU
		{9C4B44F6-ED3E-4174-A34E-8A6634617475}.Debug|Any CPU.Build.0 = Debug|Any CPU
		{9C4B44F6-ED3E-4174-A34E-8A6634617475}.Release|Any CPU.ActiveCfg = Release|Any CPU
		{9C4B44F6-ED3E-4174-A34E-8A6634617475}.Release|Any CPU.Build.0 = Release|Any CPU
		{4D8E0583-8233-4786-9518-C9F557A73901}.Debug|Any CPU.ActiveCfg = Debug|Any CPU
		{4D8E0583-8233-4786-9518-C9F557A73901}.Debug|Any CPU.Build.0 = Debug|Any CPU
		{4D8E0583-8233-4786-9518-C9F557A73901}.Release|Any CPU.ActiveCfg = Release|Any CPU
		{4D8E0583-8233-4786-9518-C9F557A73901}.Release|Any CPU.Build.0 = Release|Any CPU
		{59406748-65A3-434E-85C8-12D27486FAF9}.Debug|Any CPU.ActiveCfg = Debug|Any CPU
		{59406748-65A3-434E-85C8-12D27486FAF9}.Debug|Any CPU.Build.0 = Debug|Any CPU
		{59406748-65A3-434E-85C8-12D27486FAF9}.Release|Any CPU.ActiveCfg = Release|Any CPU
		{59406748-65A3-434E-85C8-12D27486FAF9}.Release|Any CPU.Build.0 = Release|Any CPU
	EndGlobalSection
	GlobalSection(SolutionProperties) = preSolution
		HideSolutionNode = FALSE
	EndGlobalSection
	GlobalSection(ExtensibilityGlobals) = postSolution
		SolutionGuid = {06431851-1A58-4F9D-97FD-A5B51A5C6252}
	EndGlobalSection
EndGlobal
