
Microsoft Visual Studio Solution File, Format Version 12.00
# Visual Studio 15
VisualStudioVersion = 15.0.28307.489
MinimumVisualStudioVersion = 10.0.40219.1
Project("{FAE04EC0-301F-11D3-BF4B-00C04F79EFBC}") = "Task1", "Task1\Task1.csproj", "{5CC3D22E-471D-4057-8845-1D88E0D62D8E}"
EndProject
Project("{FAE04EC0-301F-11D3-BF4B-00C04F79EFBC}") = "Tests", "NUnitTestProject1\Tests.csproj", "{82850629-1AB0-4319-AC17-759CFD00CE54}"
EndProject
Global
	GlobalSection(SolutionConfigurationPlatforms) = preSolution
		Debug|Any CPU = Debug|Any CPU
		Release|Any CPU = Release|Any CPU
	EndGlobalSection
	GlobalSection(ProjectConfigurationPlatforms) = postSolution
		{5CC3D22E-471D-4057-8845-1D88E0D62D8E}.Debug|Any CPU.ActiveCfg = Debug|Any CPU
		{5CC3D22E-471D-4057-8845-1D88E0D62D8E}.Debug|Any CPU.Build.0 = Debug|Any CPU
		{5CC3D22E-471D-4057-8845-1D88E0D62D8E}.Release|Any CPU.ActiveCfg = Release|Any CPU
		{5CC3D22E-471D-4057-8845-1D88E0D62D8E}.Release|Any CPU.Build.0 = Release|Any CPU
		{82850629-1AB0-4319-AC17-759CFD00CE54}.Debug|Any CPU.ActiveCfg = Debug|Any CPU
		{82850629-1AB0-4319-AC17-759CFD00CE54}.Debug|Any CPU.Build.0 = Debug|Any CPU
		{82850629-1AB0-4319-AC17-759CFD00CE54}.Release|Any CPU.ActiveCfg = Release|Any CPU
		{82850629-1AB0-4319-AC17-759CFD00CE54}.Release|Any CPU.Build.0 = Release|Any CPU
	EndGlobalSection
	GlobalSection(SolutionProperties) = preSolution
		HideSolutionNode = FALSE
	EndGlobalSection
	GlobalSection(ExtensibilityGlobals) = postSolution
		SolutionGuid = {99E7D0F2-1E1C-4422-9B68-66979C156768}
	EndGlobalSection
EndGlobal
