
Microsoft Visual Studio Solution File, Format Version 12.00
# Visual Studio 15
VisualStudioVersion = 15.0.28307.489
MinimumVisualStudioVersion = 10.0.40219.1
Project("{FAE04EC0-301F-11D3-BF4B-00C04F79EFBC}") = "Task1", "Task1\Task1.csproj", "{524504D2-E54B-4D85-B69B-CB588879851B}"
EndProject
Project("{FAE04EC0-301F-11D3-BF4B-00C04F79EFBC}") = "Task1Tests", "Task1Tests\Task1Tests.csproj", "{D89959B5-D140-4EB6-9F2E-71068B6EC8DD}"
EndProject
Project("{FAE04EC0-301F-11D3-BF4B-00C04F79EFBC}") = "NUnitTests", "NUnitTests\NUnitTests.csproj", "{ED081E90-03E7-4248-BCFA-597AA11AB6D6}"
EndProject
Global
	GlobalSection(SolutionConfigurationPlatforms) = preSolution
		Debug|Any CPU = Debug|Any CPU
		Release|Any CPU = Release|Any CPU
	EndGlobalSection
	GlobalSection(ProjectConfigurationPlatforms) = postSolution
		{524504D2-E54B-4D85-B69B-CB588879851B}.Debug|Any CPU.ActiveCfg = Debug|Any CPU
		{524504D2-E54B-4D85-B69B-CB588879851B}.Debug|Any CPU.Build.0 = Debug|Any CPU
		{524504D2-E54B-4D85-B69B-CB588879851B}.Release|Any CPU.ActiveCfg = Release|Any CPU
		{524504D2-E54B-4D85-B69B-CB588879851B}.Release|Any CPU.Build.0 = Release|Any CPU
		{D89959B5-D140-4EB6-9F2E-71068B6EC8DD}.Debug|Any CPU.ActiveCfg = Debug|Any CPU
		{D89959B5-D140-4EB6-9F2E-71068B6EC8DD}.Debug|Any CPU.Build.0 = Debug|Any CPU
		{D89959B5-D140-4EB6-9F2E-71068B6EC8DD}.Release|Any CPU.ActiveCfg = Release|Any CPU
		{D89959B5-D140-4EB6-9F2E-71068B6EC8DD}.Release|Any CPU.Build.0 = Release|Any CPU
		{ED081E90-03E7-4248-BCFA-597AA11AB6D6}.Debug|Any CPU.ActiveCfg = Debug|Any CPU
		{ED081E90-03E7-4248-BCFA-597AA11AB6D6}.Debug|Any CPU.Build.0 = Debug|Any CPU
		{ED081E90-03E7-4248-BCFA-597AA11AB6D6}.Release|Any CPU.ActiveCfg = Release|Any CPU
		{ED081E90-03E7-4248-BCFA-597AA11AB6D6}.Release|Any CPU.Build.0 = Release|Any CPU
	EndGlobalSection
	GlobalSection(SolutionProperties) = preSolution
		HideSolutionNode = FALSE
	EndGlobalSection
	GlobalSection(ExtensibilityGlobals) = postSolution
		SolutionGuid = {F5C4DF11-16C2-44EB-88BD-6FDB170E1315}
	EndGlobalSection
EndGlobal
